PODS:
  - SDWebImage (4.4.0):
    - SDWebImage/Core (= 4.4.0)
  - SDWebImage/Core (4.4.0)

DEPENDENCIES:
  - SDWebImage (~> 4.0)

SPEC REPOS:
  https://github.com/CocoaPods/Specs.git:
    - SDWebImage

SPEC CHECKSUMS:
  SDWebImage: b534502786e43dde36dfcaee89356fe6df30e203

PODFILE CHECKSUM: 462aa1ea366dee08efc1cdaf8322a120acae8849

COCOAPODS: 1.5.0
